{
    "_meta": {
        "hash": {
            "sha256": "6494558afd9be78a27a352a5af63f85449d84bd49f9b6232ebb746442636fb8a"
        },
        "pipfile-spec": 6,
        "requires": {
            "python_version": "3.6"
        },
        "sources": [
            {
                "name": "pypi",
                "url": "https://pypi.python.org/simple",
                "verify_ssl": true
            }
        ]
    },
    "default": {
        "argon2-cffi": {
            "hashes": [
                "sha256:1029fef2f7808a89e3baa306f5ace36e768a2d847ee7b056399adcd7707f6256",
                "sha256:206857d870c6ca3c92514ca70a3c371be47383f7ae6a448f5a16aa17baa550ba",
                "sha256:3558a7e22b886efad0c99b23b9be24880213b4e2d1630095459978cfcae570e2",
                "sha256:457fd6de741859aa91c750ffad97f12675c4356047e43392c5fb21f5d9f48b24",
                "sha256:4a1daa9f6960cdbdb865efcabac4158693459f52e7582c9f8a7c92dc61cdc8e1",
                "sha256:4bfb603184ea678563c0f1f1872367e81a3d2b70646a627d38ccede68d7b9194",
                "sha256:5d7493ed10e384b84b6dac862fe96c443297a25b991a8364d94a67b6cd1e9569",
                "sha256:5fb080047517add8d27baeb38a314814b5ab9c72630606788909b3f60a8f054a",
                "sha256:7453b16496b5629005a43c5f5707ef8a31fcfa5bb0ed34b5ba7b86a3cc9d02f2",
                "sha256:81548a27b919861040cb928a350733f4f9455dd67c7d1ba92eb5960a1d7f8b26",
                "sha256:84fd768d523f87097d572cdfb98e868cdbdc8e80e3d444787fd32e7f6ae25b02",
                "sha256:8b4cf6c0298f33b92fcd50f19899175b7421690fc8bc6ac68368320c158cbf51",
                "sha256:af6a4799411eee3f7133fead973727f5fefacd18ea23f51039e70cae51ceb109",
                "sha256:df7d60a4cf58dc08319fedc0506b42ec0fa5221c6e1f9e2e89fcddff92507390",
                "sha256:f9072e9f70185a57e36228d34aad4bb644e6a8b4fd6a45f856c666f38f6de96c",
                "sha256:fbae1d08b52f9a791500c650ab51ba00e374eaeccb5dbaa41b99dab4fd4115e8",
                "sha256:fe91e3bd95aeae70366693dcc970db03a71619d19df6fbaabf662c3b3c54cdf8",
                "sha256:fec86ee6f913154846171f66ee30c893c0cde3d434911f8b31c1f84a9aea410e"
            ],
            "index": "pypi",
            "version": "==19.1.0"
        },
        "certifi": {
            "hashes": [
                "sha256:59b7658e26ca9c7339e00f8f4636cdfe59d34fa37b9b04f6f9e9926b3cece1a5",
                "sha256:b26104d6835d1f5e49452a26eb2ff87fe7090b89dfcaee5ea2212697e1e1d7ae"
            ],
            "version": "==2019.3.9"
        },
        "cffi": {
            "hashes": [
                "sha256:00b97afa72c233495560a0793cdc86c2571721b4271c0667addc83c417f3d90f",
                "sha256:0ba1b0c90f2124459f6966a10c03794082a2f3985cd699d7d63c4a8dae113e11",
                "sha256:0bffb69da295a4fc3349f2ec7cbe16b8ba057b0a593a92cbe8396e535244ee9d",
                "sha256:21469a2b1082088d11ccd79dd84157ba42d940064abbfa59cf5f024c19cf4891",
                "sha256:2e4812f7fa984bf1ab253a40f1f4391b604f7fc424a3e21f7de542a7f8f7aedf",
                "sha256:2eac2cdd07b9049dd4e68449b90d3ef1adc7c759463af5beb53a84f1db62e36c",
                "sha256:2f9089979d7456c74d21303c7851f158833d48fb265876923edcb2d0194104ed",
                "sha256:3dd13feff00bddb0bd2d650cdb7338f815c1789a91a6f68fdc00e5c5ed40329b",
                "sha256:4065c32b52f4b142f417af6f33a5024edc1336aa845b9d5a8d86071f6fcaac5a",
                "sha256:51a4ba1256e9003a3acf508e3b4f4661bebd015b8180cc31849da222426ef585",
                "sha256:59888faac06403767c0cf8cfb3f4a777b2939b1fbd9f729299b5384f097f05ea",
                "sha256:59c87886640574d8b14910840327f5cd15954e26ed0bbd4e7cef95fa5aef218f",
                "sha256:610fc7d6db6c56a244c2701575f6851461753c60f73f2de89c79bbf1cc807f33",
                "sha256:70aeadeecb281ea901bf4230c6222af0248c41044d6f57401a614ea59d96d145",
                "sha256:71e1296d5e66c59cd2c0f2d72dc476d42afe02aeddc833d8e05630a0551dad7a",
                "sha256:8fc7a49b440ea752cfdf1d51a586fd08d395ff7a5d555dc69e84b1939f7ddee3",
                "sha256:9b5c2afd2d6e3771d516045a6cfa11a8da9a60e3d128746a7fe9ab36dfe7221f",
                "sha256:9c759051ebcb244d9d55ee791259ddd158188d15adee3c152502d3b69005e6bd",
                "sha256:b4d1011fec5ec12aa7cc10c05a2f2f12dfa0adfe958e56ae38dc140614035804",
                "sha256:b4f1d6332339ecc61275bebd1f7b674098a66fea11a00c84d1c58851e618dc0d",
                "sha256:c030cda3dc8e62b814831faa4eb93dd9a46498af8cd1d5c178c2de856972fd92",
                "sha256:c2e1f2012e56d61390c0e668c20c4fb0ae667c44d6f6a2eeea5d7148dcd3df9f",
                "sha256:c37c77d6562074452120fc6c02ad86ec928f5710fbc435a181d69334b4de1d84",
                "sha256:c8149780c60f8fd02752d0429246088c6c04e234b895c4a42e1ea9b4de8d27fb",
                "sha256:cbeeef1dc3c4299bd746b774f019de9e4672f7cc666c777cd5b409f0b746dac7",
                "sha256:e113878a446c6228669144ae8a56e268c91b7f1fafae927adc4879d9849e0ea7",
                "sha256:e21162bf941b85c0cda08224dade5def9360f53b09f9f259adb85fc7dd0e7b35",
                "sha256:fb6934ef4744becbda3143d30c6604718871495a5e36c408431bf33d9c146889"
            ],
            "version": "==1.12.2"
        },
        "chardet": {
            "hashes": [
                "sha256:84ab92ed1c4d4f16916e05906b6b75a6c0fb5db821cc65e70cbd64a3e2a5eaae",
                "sha256:fc323ffcaeaed0e0a02bf4d117757b98aed530d9ed4531e3e15460124c106691"
            ],
            "version": "==3.0.4"
        },
        "dj-database-url": {
            "hashes": [
                "sha256:4aeaeb1f573c74835b0686a2b46b85990571159ffc21aa57ecd4d1e1cb334163",
                "sha256:851785365761ebe4994a921b433062309eb882fedd318e1b0fcecc607ed02da9"
            ],
            "index": "pypi",
            "version": "==0.5.0"
        },
        "django": {
            "hashes": [
                "sha256:665457d4146bbd34ae9d2970fa3b37082d7b225b0671bfd24c337458f229db78",
                "sha256:bde46d4dbc410678e89bc95ea5d312dd6eb4c37d0fa0e19c9415cad94addf22f"
            ],
            "index": "pypi",
            "version": "==2.0.13"
        },
        "django-anymail": {
            "hashes": [
                "sha256:ab5cbfb280492c9cb2ef0497f8ebda4dcb3f99603dcf63c88ae623a66cad71f4",
                "sha256:f872089943f30283d485d121924598f4156f5bfa76a0885fd66df5205102be0b"
            ],
            "index": "pypi",
            "version": "==6.0"
        },
        "django-countries": {
            "hashes": [
                "sha256:5307a61172eee5740720e44ea08721858b7d8bf8509ec7701ccd7a8d21120b9a",
                "sha256:e4eaaec9bddb9365365109f833d1fd0ecc0cfee3348bf5441c0ccefb2d6917cd"
            ],
            "index": "pypi",
            "version": "==5.3.3"
        },
        "django-datatables-view": {
            "hashes": [
                "sha256:7239260bf5a1846f13bf443936ac0c775473eec265c73bfa8e59a0be3b25aeae",
                "sha256:c7dab89d8f06d8908d980114acd85c15a34f8c07f6a338452057226e6b8e9a6b"
            ],
            "index": "pypi",
            "version": "==1.17.0"
        },
        "django-filter": {
            "hashes": [
                "sha256:3dafb7d2810790498895c22a1f31b2375795910680ac9c1432821cbedb1e176d",
                "sha256:a3014de317bef0cd43075a0f08dfa1d319a7ccc5733c3901fb860da70b0dda68"
            ],
            "index": "pypi",
            "version": "==2.1.0"
        },
        "django-localflavor": {
            "hashes": [
                "sha256:0cee94c4b8f0214a5ba7be7e935019a8c062f4e7726d1df4b1e453cb812b2039",
                "sha256:12ce98b13adcd68bb4babcd937d0ae5a0fd5801f71acaf9a6bf1784c218ef53c"
            ],
            "index": "pypi",
            "version": "==2.1"
        },
        "django-queryset-csv": {
            "hashes": [
                "sha256:cc65181bf35d97116cb8e4b207519f9d3f605561f2b0f414da2e4253604a374a"
            ],
            "index": "pypi",
            "version": "==1.0.1"
        },
        "django-simple-history": {
            "hashes": [
                "sha256:2f35bbb2ac37ae726ce4ef4a8cc053ede5f881a6985f5445f438dc297b12e7c5",
                "sha256:7ba6220ed2ef3562ed8de9c66551da2a25d26b969f94226d41342769c3782630"
            ],
            "index": "pypi",
            "version": "==2.7.0"
        },
        "django-solo": {
            "hashes": [
                "sha256:b1206b9a9411b19a4354f7d7d245909a9ea7e9cd566b594363b5adce7dc13e5d"
            ],
            "index": "pypi",
            "version": "==1.1.3"
        },
        "gunicorn": {
            "hashes": [
                "sha256:aa8e0b40b4157b36a5df5e599f45c9c76d6af43845ba3b3b0efe2c70473c2471",
                "sha256:fa2662097c66f920f53f70621c6c58ca4a3c4d3434205e608e121b5b3b71f4f3"
            ],
            "index": "pypi",
            "version": "==19.9.0"
        },
        "idna": {
            "hashes": [
                "sha256:c357b3f628cf53ae2c4c05627ecc484553142ca23264e593d327bcde5e9c3407",
                "sha256:ea8b7f6188e6fa117537c3df7da9fc686d485087abf6ac197f9c46432f7e4a3c"
            ],
            "version": "==2.8"
        },
        "pillow": {
            "hashes": [
                "sha256:051de330a06c99d6f84bcf582960487835bcae3fc99365185dc2d4f65a390c0e",
                "sha256:0ae5289948c5e0a16574750021bd8be921c27d4e3527800dc9c2c1d2abc81bf7",
                "sha256:0b1efce03619cdbf8bcc61cfae81fcda59249a469f31c6735ea59badd4a6f58a",
                "sha256:163136e09bd1d6c6c6026b0a662976e86c58b932b964f255ff384ecc8c3cefa3",
                "sha256:18e912a6ccddf28defa196bd2021fe33600cbe5da1aa2f2e2c6df15f720b73d1",
                "sha256:24ec3dea52339a610d34401d2d53d0fb3c7fd08e34b20c95d2ad3973193591f1",
                "sha256:267f8e4c0a1d7e36e97c6a604f5b03ef58e2b81c1becb4fccecddcb37e063cc7",
                "sha256:3273a28734175feebbe4d0a4cde04d4ed20f620b9b506d26f44379d3c72304e1",
                "sha256:4c678e23006798fc8b6f4cef2eaad267d53ff4c1779bd1af8725cc11b72a63f3",
                "sha256:4d4bc2e6bb6861103ea4655d6b6f67af8e5336e7216e20fff3e18ffa95d7a055",
                "sha256:505738076350a337c1740a31646e1de09a164c62c07db3b996abdc0f9d2e50cf",
                "sha256:5233664eadfa342c639b9b9977190d64ad7aca4edc51a966394d7e08e7f38a9f",
                "sha256:5d95cb9f6cced2628f3e4de7e795e98b2659dfcc7176ab4a01a8b48c2c2f488f",
                "sha256:7eda4c737637af74bac4b23aa82ea6fbb19002552be85f0b89bc27e3a762d239",
                "sha256:801ddaa69659b36abf4694fed5aa9f61d1ecf2daaa6c92541bbbbb775d97b9fe",
                "sha256:825aa6d222ce2c2b90d34a0ea31914e141a85edefc07e17342f1d2fdf121c07c",
                "sha256:9c215442ff8249d41ff58700e91ef61d74f47dfd431a50253e1a1ca9436b0697",
                "sha256:a3d90022f2202bbb14da991f26ca7a30b7e4c62bf0f8bf9825603b22d7e87494",
                "sha256:a631fd36a9823638fe700d9225f9698fb59d049c942d322d4c09544dc2115356",
                "sha256:a6523a23a205be0fe664b6b8747a5c86d55da960d9586db039eec9f5c269c0e6",
                "sha256:a756ecf9f4b9b3ed49a680a649af45a8767ad038de39e6c030919c2f443eb000",
                "sha256:b117287a5bdc81f1bac891187275ec7e829e961b8032c9e5ff38b70fd036c78f",
                "sha256:ba04f57d1715ca5ff74bb7f8a818bf929a204b3b3c2c2826d1e1cc3b1c13398c",
                "sha256:cd878195166723f30865e05d87cbaf9421614501a4bd48792c5ed28f90fd36ca",
                "sha256:cee815cc62d136e96cf76771b9d3eb58e0777ec18ea50de5cfcede8a7c429aa8",
                "sha256:d1722b7aa4b40cf93ac3c80d3edd48bf93b9208241d166a14ad8e7a20ee1d4f3",
                "sha256:d7c1c06246b05529f9984435fc4fa5a545ea26606e7f450bdbe00c153f5aeaad",
                "sha256:e9c8066249c040efdda84793a2a669076f92a301ceabe69202446abb4c5c5ef9",
                "sha256:f227d7e574d050ff3996049e086e1f18c7bd2d067ef24131e50a1d3fe5831fbc",
                "sha256:fc9a12aad714af36cf3ad0275a96a733526571e52710319855628f476dcb144e"
            ],
            "version": "==5.4.1"
        },
        "psycopg2-binary": {
            "hashes": [
                "sha256:19a2d1f3567b30f6c2bb3baea23f74f69d51f0c06c2e2082d0d9c28b0733a4c2",
                "sha256:2b69cf4b0fa2716fd977aa4e1fd39af6110eb47b2bb30b4e5a469d8fbecfc102",
                "sha256:2e952fa17ba48cbc2dc063ddeec37d7dc4ea0ef7db0ac1eda8906365a8543f31",
                "sha256:348b49dd737ff74cfb5e663e18cb069b44c64f77ec0523b5794efafbfa7df0b8",
                "sha256:3d72a5fdc5f00ca85160915eb9a973cf9a0ab8148f6eda40708bf672c55ac1d1",
                "sha256:4957452f7868f43f32c090dadb4188e9c74a4687323c87a882e943c2bd4780c3",
                "sha256:5138cec2ee1e53a671e11cc519505eb08aaaaf390c508f25b09605763d48de4b",
                "sha256:587098ca4fc46c95736459d171102336af12f0d415b3b865972a79c03f06259f",
                "sha256:5b79368bcdb1da4a05f931b62760bea0955ee2c81531d8e84625df2defd3f709",
                "sha256:5cf43807392247d9bc99737160da32d3fa619e0bfd85ba24d1c78db205f472a4",
                "sha256:676d1a80b1eebc0cacae8dd09b2fde24213173bf65650d22b038c5ed4039f392",
                "sha256:6b0211ecda389101a7d1d3df2eba0cf7ffbdd2480ca6f1d2257c7bd739e84110",
                "sha256:79cde4660de6f0bb523c229763bd8ad9a93ac6760b72c369cf1213955c430934",
                "sha256:7aba9786ac32c2a6d5fb446002ed936b47d5e1f10c466ef7e48f66eb9f9ebe3b",
                "sha256:7c8159352244e11bdd422226aa17651110b600d175220c451a9acf795e7414e0",
                "sha256:945f2eedf4fc6b2432697eb90bb98cc467de5147869e57405bfc31fa0b824741",
                "sha256:96b4e902cde37a7fc6ab306b3ac089a3949e6ce3d824eeca5b19dc0bedb9f6e2",
                "sha256:9a7bccb1212e63f309eb9fab47b6eaef796f59850f169a25695b248ca1bf681b",
                "sha256:a3bfcac727538ec11af304b5eccadbac952d4cca1a551a29b8fe554e3ad535dc",
                "sha256:b19e9f1b85c5d6136f5a0549abdc55dcbd63aba18b4f10d0d063eb65ef2c68b4",
                "sha256:b664011bb14ca1f2287c17185e222f2098f7b4c857961dbcf9badb28786dbbf4",
                "sha256:bde7959ef012b628868d69c474ec4920252656d0800835ed999ba5e4f57e3e2e",
                "sha256:cb095a0657d792c8de9f7c9a0452385a309dfb1bbbb3357d6b1e216353ade6ca",
                "sha256:d16d42a1b9772152c1fe606f679b2316551f7e1a1ce273e7f808e82a136cdb3d",
                "sha256:d444b1545430ffc1e7a24ce5a9be122ccd3b135a7b7e695c5862c5aff0b11159",
                "sha256:d93ccc7bf409ec0a23f2ac70977507e0b8a8d8c54e5ee46109af2f0ec9e411f3",
                "sha256:df6444f952ca849016902662e1a47abf4fa0678d75f92fd9dd27f20525f809cd",
                "sha256:e63850d8c52ba2b502662bf3c02603175c2397a9acc756090e444ce49508d41e",
                "sha256:ec43358c105794bc2b6fd34c68d27f92bea7102393c01889e93f4b6a70975728",
                "sha256:f4c6926d9c03dadce7a3b378b40d2fea912c1344ef9b29869f984fb3d2a2420b"
            ],
            "index": "pypi",
            "version": "==2.7.7"
        },
        "pycparser": {
            "hashes": [
                "sha256:a988718abfad80b6b157acce7bf130a30876d27603738ac39f140993246b25b3"
            ],
            "version": "==2.19"
        },
        "pypdf2": {
            "hashes": [
                "sha256:e28f902f2f0a1603ea95ebe21dff311ef09be3d0f0ef29a3e44a932729564385"
            ],
            "index": "pypi",
            "version": "==1.26.0"
        },
        "pytz": {
            "hashes": [
                "sha256:32b0891edff07e28efe91284ed9c31e123d84bea3fd98e1f72be2508f43ef8d9",
                "sha256:d5f05e487007e29e03409f9398d074e158d920d36eb82eaf66fb1136b0c5374c"
            ],
            "index": "pypi",
            "version": "==2018.9"
        },
        "reportlab": {
            "hashes": [
                "sha256:069f684cd0aaa518a27dc9124aed29cee8998e21ddf19604e53214ec8462bdd7",
                "sha256:09b68ec01d86b4b120456b3f3202570ec96f57624e3a4fc36f3829323391daa4",
                "sha256:0c32be9a406172c29ea20ff55a709ccac1e7fb09f15aba67cb7b455fd1d3dbe0",
                "sha256:233196cf25e97cfe7c452524ea29d9a4909f1cb66599299233be1efaaaa7a7a3",
                "sha256:2b5e4533f3e5b962835a5ce44467e66d1ecc822761d1b508077b5087a06be338",
                "sha256:2e860bcdace5a558356802a92ae8658d7e5fdaa00ded82e83a3f2987c562cb66",
                "sha256:3546029e63a9a9dc24ee38959eb417678c2425b96cd27b31e09e216dafc94666",
                "sha256:4452b93f9c73b6b70311e7d69082d64da81b38e91bfb4766397630092e6da6fd",
                "sha256:528c74a1c6527d1859c2c7a64a94a1cba485b00175162ea23699ae58a1e94939",
                "sha256:6116e750f98018febc08dfee6df20446cf954adbcfa378d2c703d56c8864aff3",
                "sha256:6b2b3580c647d75ef129172cb3da648cdb24566987b0b59c5ebb80ab770748d6",
                "sha256:727b5f2bed08552d143fc99649b1863c773729f580a416844f9d9967bb0a1ae8",
                "sha256:74c24a3ec0a3d4f8acb13a07192f45bdb54a1cc3c2286241677e7e8bcd5011fa",
                "sha256:98ccd2f8b4f8636db05f3f14db0b471ad6bb4b66ae0dc9052c4822b3bd5d6a7d",
                "sha256:a5905aa567946bc938b489a7249c7890c3fd3c9b7b5680dece5bc551c2ddbe0d",
                "sha256:acbb7f676b8586b770719e9683eda951fdb38eb7970d46fcbf3cdda88d912a64",
                "sha256:b5e30f865add48cf880f1c363eb505b97f2f7baaa88c155f87a335a76515a3e5",
                "sha256:be2a7c33a2c28bbd3f453ffe4f0e5200b88c803a097f4cf52d69c6b53fad7a8f",
                "sha256:c356bb600f59ac64955813d6497a08bfd5d0c451cb5829b61e3913d0ac084e26",
                "sha256:c7ec4ae2393beab584921b1287a04e94fd98c28315e348362d89b85f4b464546",
                "sha256:d476edc831bb3e9ebd04d1403abaf3ea57b3e4c2276c91a54fdfb6efbd3f9d97",
                "sha256:db059e1a0691c872784062421ec51848539eb4f5210142682e61059a5ca7cc55",
                "sha256:dd423a6753509ab14a0ac1b5be39d219c8f8d3781cce3deb4f45eda31969b5e8",
                "sha256:ed9b7c0d71ce6fe2b31c6cde530ad8238632b876a5d599218739bda142a77f7c",
                "sha256:f0a2465af4006f97b05e1f1546d67d3a3213d414894bf28be7f87f550a7f4a55",
                "sha256:f20bfe26e57e8e1f575a9e0325be04dd3562db9f247ffdd73b5d4df6dec53bc2",
                "sha256:f3463f2cb40a1b515ac0133ba859eca58f53b56760da9abb27ed684c565f853c",
                "sha256:facc3c9748ab1525fb8401a1223bce4f24f0d6aa1a9db86c55db75777ccf40f9"
            ],
            "index": "pypi",
            "version": "==3.5.13"
        },
        "requests": {
            "hashes": [
                "sha256:502a824f31acdacb3a35b6690b5fbf0bc41d63a24a45c4004352b0242707598e",
                "sha256:7bf2a778576d825600030a110f3c0e3e8edc51dfaafe1c146e39a2027784957b"
            ],
            "version": "==2.21.0"
        },
        "six": {
            "hashes": [
                "sha256:3350809f0555b11f552448330d0b52d5f24c91a322ea4a15ef22629740f3761c",
                "sha256:d16a0141ec1a18405cd4ce8b4613101da75da0e9a7aec5bdd4fa804d0e0eba73"
            ],
            "version": "==1.12.0"
        },
        "unicodecsv": {
            "hashes": [
                "sha256:018c08037d48649a0412063ff4eda26eaa81eff1546dbffa51fa5293276ff7fc"
            ],
            "version": "==0.14.1"
        },
        "urllib3": {
            "hashes": [
                "sha256:61bf29cada3fc2fbefad4fdf059ea4bd1b4a86d2b6d15e1c7c0b582b9752fe39",
                "sha256:de9529817c93f27c8ccbfead6985011db27bd0ddfcdb2d86f3f663385c6a9c22"
            ],
            "version": "==1.24.1"
        },
        "whitenoise": {
            "hashes": [
                "sha256:118ab3e5f815d380171b100b05b76de2a07612f422368a201a9ffdeefb2251c1",
                "sha256:42133ddd5229eeb6a0c9899496bdbe56c292394bf8666da77deeb27454c0456a"
            ],
            "index": "pypi",
            "version": "==4.1.2"
        }
    },
    "develop": {
        "bandit": {
            "hashes": [
                "sha256:6102b5d6afd9d966df5054e0bdfc2e73a24d0fea400ec25f2e54c134412158d7",
                "sha256:9413facfe9de1e1bd291d525c784e1beb1a55c9916b51dae12979af63a69ba4c"
            ],
            "index": "pypi",
            "version": "==1.5.1"
        },
        "certifi": {
            "hashes": [
                "sha256:59b7658e26ca9c7339e00f8f4636cdfe59d34fa37b9b04f6f9e9926b3cece1a5",
                "sha256:b26104d6835d1f5e49452a26eb2ff87fe7090b89dfcaee5ea2212697e1e1d7ae"
            ],
            "version": "==2019.3.9"
        },
        "chardet": {
            "hashes": [
                "sha256:84ab92ed1c4d4f16916e05906b6b75a6c0fb5db821cc65e70cbd64a3e2a5eaae",
                "sha256:fc323ffcaeaed0e0a02bf4d117757b98aed530d9ed4531e3e15460124c106691"
            ],
            "version": "==3.0.4"
        },
        "codecov": {
            "hashes": [
                "sha256:8ed8b7c6791010d359baed66f84f061bba5bd41174bf324c31311e8737602788",
                "sha256:ae00d68e18d8a20e9c3288ba3875ae03db3a8e892115bf9b83ef20507732bed4"
            ],
            "index": "pypi",
            "version": "==2.0.15"
        },
        "coverage": {
            "hashes": [
                "sha256:3684fabf6b87a369017756b551cef29e505cb155ddb892a7a29277b978da88b9",
                "sha256:39e088da9b284f1bd17c750ac672103779f7954ce6125fd4382134ac8d152d74",
                "sha256:3c205bc11cc4fcc57b761c2da73b9b72a59f8d5ca89979afb0c1c6f9e53c7390",
                "sha256:465ce53a8c0f3a7950dfb836438442f833cf6663d407f37d8c52fe7b6e56d7e8",
                "sha256:48020e343fc40f72a442c8a1334284620f81295256a6b6ca6d8aa1350c763bbe",
                "sha256:5296fc86ab612ec12394565c500b412a43b328b3907c0d14358950d06fd83baf",
                "sha256:5f61bed2f7d9b6a9ab935150a6b23d7f84b8055524e7be7715b6513f3328138e",
                "sha256:68a43a9f9f83693ce0414d17e019daee7ab3f7113a70c79a3dd4c2f704e4d741",
                "sha256:6b8033d47fe22506856fe450470ccb1d8ba1ffb8463494a15cfc96392a288c09",
                "sha256:7ad7536066b28863e5835e8cfeaa794b7fe352d99a8cded9f43d1161be8e9fbd",
                "sha256:7bacb89ccf4bedb30b277e96e4cc68cd1369ca6841bde7b005191b54d3dd1034",
                "sha256:839dc7c36501254e14331bcb98b27002aa415e4af7ea039d9009409b9d2d5420",
                "sha256:8f9a95b66969cdea53ec992ecea5406c5bd99c9221f539bca1e8406b200ae98c",
                "sha256:932c03d2d565f75961ba1d3cec41ddde00e162c5b46d03f7423edcb807734eab",
                "sha256:988529edadc49039d205e0aa6ce049c5ccda4acb2d6c3c5c550c17e8c02c05ba",
                "sha256:998d7e73548fe395eeb294495a04d38942edb66d1fa61eb70418871bc621227e",
                "sha256:9de60893fb447d1e797f6bf08fdf0dbcda0c1e34c1b06c92bd3a363c0ea8c609",
                "sha256:9e80d45d0c7fcee54e22771db7f1b0b126fb4a6c0a2e5afa72f66827207ff2f2",
                "sha256:a545a3dfe5082dc8e8c3eb7f8a2cf4f2870902ff1860bd99b6198cfd1f9d1f49",
                "sha256:a5d8f29e5ec661143621a8f4de51adfb300d7a476224156a39a392254f70687b",
                "sha256:aca06bfba4759bbdb09bf52ebb15ae20268ee1f6747417837926fae990ebc41d",
                "sha256:bb23b7a6fd666e551a3094ab896a57809e010059540ad20acbeec03a154224ce",
                "sha256:bfd1d0ae7e292105f29d7deaa9d8f2916ed8553ab9d5f39ec65bcf5deadff3f9",
                "sha256:c62ca0a38958f541a73cf86acdab020c2091631c137bd359c4f5bddde7b75fd4",
                "sha256:c709d8bda72cf4cd348ccec2a4881f2c5848fd72903c185f363d361b2737f773",
                "sha256:c968a6aa7e0b56ecbd28531ddf439c2ec103610d3e2bf3b75b813304f8cb7723",
                "sha256:df785d8cb80539d0b55fd47183264b7002077859028dfe3070cf6359bf8b2d9c",
                "sha256:f406628ca51e0ae90ae76ea8398677a921b36f0bd71aab2099dfed08abd0322f",
                "sha256:f46087bbd95ebae244a0eda01a618aff11ec7a069b15a3ef8f6b520db523dcf1",
                "sha256:f8019c5279eb32360ca03e9fac40a12667715546eed5c5eb59eb381f2f501260",
                "sha256:fc5f4d209733750afd2714e9109816a29500718b32dd9a5db01c0cb3a019b96a"
            ],
            "index": "pypi",
            "version": "==4.5.3"
        },
        "django": {
            "hashes": [
                "sha256:665457d4146bbd34ae9d2970fa3b37082d7b225b0671bfd24c337458f229db78",
                "sha256:bde46d4dbc410678e89bc95ea5d312dd6eb4c37d0fa0e19c9415cad94addf22f"
            ],
            "index": "pypi",
            "version": "==2.0.13"
        },
        "entrypoints": {
            "hashes": [
                "sha256:589f874b313739ad35be6e0cd7efde2a4e9b6fea91edcc34e58ecbb8dbe56d19",
                "sha256:c70dd71abe5a8c85e55e12c19bd91ccfeec11a6e99044204511f9ed547d48451"
            ],
            "version": "==0.3"
        },
        "flake8": {
            "hashes": [
                "sha256:859996073f341f2670741b51ec1e67a01da142831aa1fdc6242dbf88dffbe661",
                "sha256:a796a115208f5c03b18f332f7c11729812c8c3ded6c46319c59b53efd3819da8"
            ],
            "index": "pypi",
            "version": "==3.7.7"
        },
        "gitdb2": {
            "hashes": [
                "sha256:83361131a1836661a155172932a13c08bda2db3674e4caa32368aa6eb02f38c2",
                "sha256:e3a0141c5f2a3f635c7209d56c496ebe1ad35da82fe4d3ec4aaa36278d70648a"
            ],
            "version": "==2.0.5"
        },
        "gitpython": {
            "hashes": [
                "sha256:563221e5a44369c6b79172f455584c9ebbb122a13368cc82cb4b5addff788f82",
                "sha256:8237dc5bfd6f1366abeee5624111b9d6879393d84745a507de0fda86043b65a8"
            ],
            "version": "==2.1.11"
        },
        "idna": {
            "hashes": [
                "sha256:c357b3f628cf53ae2c4c05627ecc484553142ca23264e593d327bcde5e9c3407",
                "sha256:ea8b7f6188e6fa117537c3df7da9fc686d485087abf6ac197f9c46432f7e4a3c"
            ],
            "version": "==2.8"
        },
        "mccabe": {
            "hashes": [
                "sha256:ab8a6258860da4b6677da4bd2fe5dc2c659cff31b3ee4f7f5d64e79735b80d42",
                "sha256:dd8d182285a0fe56bace7f45b5e7d1a6ebcbf524e8f3bd87eb0f125271b8831f"
            ],
            "version": "==0.6.1"
        },
        "model-mommy": {
            "hashes": [
                "sha256:0e42c8f4a37c874dd81675ef8a385d3a25877082565e0d213022898c637f6f25",
                "sha256:8313c253617255060de474cdfcc0f7517e42deafc5619fec832a6c04b292b5d7"
            ],
            "index": "pypi",
            "version": "==1.6.0"
        },
        "pbr": {
            "hashes": [
                "sha256:8257baf496c8522437e8a6cfe0f15e00aedc6c0e0e7c9d55eeeeab31e0853843",
                "sha256:8c361cc353d988e4f5b998555c88098b9d5964c2e11acf7b0d21925a66bb5824"
            ],
            "version": "==5.1.3"
        },
        "pycodestyle": {
            "hashes": [
                "sha256:95a2219d12372f05704562a14ec30bc76b05a5b297b21a5dfe3f6fac3491ae56",
                "sha256:e40a936c9a450ad81df37f549d676d127b1b66000a6c500caa2b085bc0ca976c"
            ],
            "version": "==2.5.0"
        },
        "pyflakes": {
            "hashes": [
                "sha256:17dbeb2e3f4d772725c777fabc446d5634d1038f234e77343108ce445ea69ce0",
                "sha256:d976835886f8c5b31d47970ed689944a0262b5f3afa00a5a7b4dc81e5449f8a2"
            ],
            "version": "==2.1.1"
        },
        "pytz": {
            "hashes": [
                "sha256:32b0891edff07e28efe91284ed9c31e123d84bea3fd98e1f72be2508f43ef8d9",
                "sha256:d5f05e487007e29e03409f9398d074e158d920d36eb82eaf66fb1136b0c5374c"
            ],
            "index": "pypi",
            "version": "==2018.9"
        },
        "pyyaml": {
            "hashes": [
                "sha256:1adecc22f88d38052fb787d959f003811ca858b799590a5eaa70e63dca50308c",
                "sha256:436bc774ecf7c103814098159fbb84c2715d25980175292c648f2da143909f95",
                "sha256:460a5a4248763f6f37ea225d19d5c205677d8d525f6a83357ca622ed541830c2",
                "sha256:5a22a9c84653debfbf198d02fe592c176ea548cccce47553f35f466e15cf2fd4",
                "sha256:7a5d3f26b89d688db27822343dfa25c599627bc92093e788956372285c6298ad",
                "sha256:9372b04a02080752d9e6f990179a4ab840227c6e2ce15b95e1278456664cf2ba",
                "sha256:a5dcbebee834eaddf3fa7366316b880ff4062e4bcc9787b78c7fbb4a26ff2dd1",
                "sha256:aee5bab92a176e7cd034e57f46e9df9a9862a71f8f37cad167c6fc74c65f5b4e",
                "sha256:c51f642898c0bacd335fc119da60baae0824f2cde95b0330b56c0553439f0673",
                "sha256:c68ea4d3ba1705da1e0d85da6684ac657912679a649e8868bd850d2c299cce13",
                "sha256:e23d0cc5299223dcc37885dae624f382297717e459ea24053709675a976a3e19"
            ],
            "version": "==5.1"
        },
        "requests": {
            "hashes": [
                "sha256:502a824f31acdacb3a35b6690b5fbf0bc41d63a24a45c4004352b0242707598e",
                "sha256:7bf2a778576d825600030a110f3c0e3e8edc51dfaafe1c146e39a2027784957b"
            ],
            "version": "==2.21.0"
        },
        "six": {
            "hashes": [
                "sha256:3350809f0555b11f552448330d0b52d5f24c91a322ea4a15ef22629740f3761c",
                "sha256:d16a0141ec1a18405cd4ce8b4613101da75da0e9a7aec5bdd4fa804d0e0eba73"
            ],
            "version": "==1.12.0"
        },
        "smmap2": {
            "hashes": [
                "sha256:0555a7bf4df71d1ef4218e4807bbf9b201f910174e6e08af2e138d4e517b4dde",
                "sha256:29a9ffa0497e7f2be94ca0ed1ca1aa3cd4cf25a1f6b4f5f87f74b46ed91d609a"
            ],
            "version": "==2.0.5"
        },
        "stevedore": {
            "hashes": [
                "sha256:7be098ff53d87f23d798a7ce7ae5c31f094f3deb92ba18059b1aeb1ca9fec0a0",
                "sha256:7d1ce610a87d26f53c087da61f06f9b7f7e552efad2a7f6d2322632b5f932ea2"
            ],
            "version": "==1.30.1"
        },
        "urllib3": {
            "hashes": [
                "sha256:61bf29cada3fc2fbefad4fdf059ea4bd1b4a86d2b6d15e1c7c0b582b9752fe39",
                "sha256:de9529817c93f27c8ccbfead6985011db27bd0ddfcdb2d86f3f663385c6a9c22"
            ],
            "version": "==1.24.1"
        }
    }
}
